
Microsoft Visual Studio Solution File, Format Version 12.00
# Visual Studio 15
VisualStudioVersion = 15.0.28010.2026
MinimumVisualStudioVersion = 10.0.40219.1
Project("{FAE04EC0-301F-11D3-BF4B-00C04F79EFBC}") = "WebApplication23", "WebApplication23\WebApplication23.csproj", "{0AD51A1E-6308-4D51-A914-C5F2E41ED9B6}"
EndProject
Global
	GlobalSection(SolutionConfigurationPlatforms) = preSolution
		Debug|Any CPU = Debug|Any CPU
		Release|Any CPU = Release|Any CPU
	EndGlobalSection
	GlobalSection(ProjectConfigurationPlatforms) = postSolution
		{0AD51A1E-6308-4D51-A914-C5F2E41ED9B6}.Debug|Any CPU.ActiveCfg = Debug|Any CPU
		{0AD51A1E-6308-4D51-A914-C5F2E41ED9B6}.Debug|Any CPU.Build.0 = Debug|Any CPU
		{0AD51A1E-6308-4D51-A914-C5F2E41ED9B6}.Release|Any CPU.ActiveCfg = Release|Any CPU
		{0AD51A1E-6308-4D51-A914-C5F2E41ED9B6}.Release|Any CPU.Build.0 = Release|Any CPU
	EndGlobalSection
	GlobalSection(SolutionProperties) = preSolution
		HideSolutionNode = FALSE
	EndGlobalSection
	GlobalSection(ExtensibilityGlobals) = postSolution
		SolutionGuid = {827E5306-2AE2-444E-B6D7-8ECEA4C14F10}
	EndGlobalSection
EndGlobal
